
Microsoft Visual Studio Solution File, Format Version 12.00
# Visual Studio 15
VisualStudioVersion = 15.0.27703.2047
MinimumVisualStudioVersion = 10.0.40219.1
Project("{FAE04EC0-301F-11D3-BF4B-00C04F79EFBC}") = "SpeechRecognitionV2", "SpeechRecognitionV2\SpeechRecognitionV2.csproj", "{2A4A1749-9F87-4F37-89F1-74B6C50AB6D8}"
EndProject
Global
	GlobalSection(SolutionConfigurationPlatforms) = preSolution
		Debug|Any CPU = Debug|Any CPU
		Release|Any CPU = Release|Any CPU
	EndGlobalSection
	GlobalSection(ProjectConfigurationPlatforms) = postSolution
		{2A4A1749-9F87-4F37-89F1-74B6C50AB6D8}.Debug|Any CPU.ActiveCfg = Debug|Any CPU
		{2A4A1749-9F87-4F37-89F1-74B6C50AB6D8}.Debug|Any CPU.Build.0 = Debug|Any CPU
		{2A4A1749-9F87-4F37-89F1-74B6C50AB6D8}.Release|Any CPU.ActiveCfg = Release|Any CPU
		{2A4A1749-9F87-4F37-89F1-74B6C50AB6D8}.Release|Any CPU.Build.0 = Release|Any CPU
	EndGlobalSection
	GlobalSection(SolutionProperties) = preSolution
		HideSolutionNode = FALSE
	EndGlobalSection
	GlobalSection(ExtensibilityGlobals) = postSolution
		SolutionGuid = {912609CA-0711-45FE-AA3F-0C6C28959D51}
	EndGlobalSection
EndGlobal
